
Microsoft Visual Studio Solution File, Format Version 12.00
# Visual Studio Version 16
VisualStudioVersion = 16.0.32002.261
MinimumVisualStudioVersion = 10.0.40219.1
Project("{2150E333-8FDC-42A3-9474-1A3956D46DE8}") = "01.Api", "01.Api", "{5253264B-D7E8-4706-AC24-6A3820F26B3F}"
EndProject
Project("{FAE04EC0-301F-11D3-BF4B-00C04F79EFBC}") = "Api", "Api\Api.csproj", "{75140FAF-AF6C-4B21-86D7-24EB0BC3A4AB}"
EndProject
Project("{2150E333-8FDC-42A3-9474-1A3956D46DE8}") = "02.Services", "02.Services", "{62D3EF9B-BC72-4D35-965B-A69840FE5A0D}"
EndProject
Project("{FAE04EC0-301F-11D3-BF4B-00C04F79EFBC}") = "Service", "Service\Service.csproj", "{4FC68987-1BC0-4F09-81BD-A60622AD749F}"
EndProject
Project("{2150E333-8FDC-42A3-9474-1A3956D46DE8}") = "03.Data", "03.Data", "{DB0C67BD-CEA3-41D4-BD76-F1BBD881CAE2}"
EndProject
Project("{FAE04EC0-301F-11D3-BF4B-00C04F79EFBC}") = "Data", "Data\Data.csproj", "{834BD634-A643-49E3-BCED-AC1630E5AD31}"
EndProject
Project("{2150E333-8FDC-42A3-9474-1A3956D46DE8}") = "04.Common", "04.Common", "{91A9C52D-A3C6-4EE6-9CE2-82F5F33A1A2A}"
EndProject
Project("{FAE04EC0-301F-11D3-BF4B-00C04F79EFBC}") = "Dto", "Dto\Dto.csproj", "{F2D1B106-750F-43F7-A8D4-560F59137CFB}"
EndProject
Project("{FAE04EC0-301F-11D3-BF4B-00C04F79EFBC}") = "Validators", "Validators\Validators.csproj", "{82A8746D-4207-4F8B-BF66-2C217ACAA894}"
EndProject
Project("{FAE04EC0-301F-11D3-BF4B-00C04F79EFBC}") = "Common", "Common\Common.csproj", "{9682ADC0-A66B-4171-AD7F-AA6AEB2CCF92}"
EndProject
Project("{2150E333-8FDC-42A3-9474-1A3956D46DE8}") = "05.Tests", "05.Tests", "{A537414A-F436-4C93-A33E-867112F34051}"
EndProject
Project("{FAE04EC0-301F-11D3-BF4B-00C04F79EFBC}") = "Tests", "Tests\Tests.csproj", "{D461226B-0102-4AF6-A843-C5527074FF54}"
EndProject
Global
	GlobalSection(SolutionConfigurationPlatforms) = preSolution
		Debug|Any CPU = Debug|Any CPU
		Release|Any CPU = Release|Any CPU
	EndGlobalSection
	GlobalSection(ProjectConfigurationPlatforms) = postSolution
		{75140FAF-AF6C-4B21-86D7-24EB0BC3A4AB}.Debug|Any CPU.ActiveCfg = Debug|Any CPU
		{75140FAF-AF6C-4B21-86D7-24EB0BC3A4AB}.Debug|Any CPU.Build.0 = Debug|Any CPU
		{75140FAF-AF6C-4B21-86D7-24EB0BC3A4AB}.Release|Any CPU.ActiveCfg = Release|Any CPU
		{75140FAF-AF6C-4B21-86D7-24EB0BC3A4AB}.Release|Any CPU.Build.0 = Release|Any CPU
		{4FC68987-1BC0-4F09-81BD-A60622AD749F}.Debug|Any CPU.ActiveCfg = Debug|Any CPU
		{4FC68987-1BC0-4F09-81BD-A60622AD749F}.Debug|Any CPU.Build.0 = Debug|Any CPU
		{4FC68987-1BC0-4F09-81BD-A60622AD749F}.Release|Any CPU.ActiveCfg = Release|Any CPU
		{4FC68987-1BC0-4F09-81BD-A60622AD749F}.Release|Any CPU.Build.0 = Release|Any CPU
		{834BD634-A643-49E3-BCED-AC1630E5AD31}.Debug|Any CPU.ActiveCfg = Debug|Any CPU
		{834BD634-A643-49E3-BCED-AC1630E5AD31}.Debug|Any CPU.Build.0 = Debug|Any CPU
		{834BD634-A643-49E3-BCED-AC1630E5AD31}.Release|Any CPU.ActiveCfg = Release|Any CPU
		{834BD634-A643-49E3-BCED-AC1630E5AD31}.Release|Any CPU.Build.0 = Release|Any CPU
		{F2D1B106-750F-43F7-A8D4-560F59137CFB}.Debug|Any CPU.ActiveCfg = Debug|Any CPU
		{F2D1B106-750F-43F7-A8D4-560F59137CFB}.Debug|Any CPU.Build.0 = Debug|Any CPU
		{F2D1B106-750F-43F7-A8D4-560F59137CFB}.Release|Any CPU.ActiveCfg = Release|Any CPU
		{F2D1B106-750F-43F7-A8D4-560F59137CFB}.Release|Any CPU.Build.0 = Release|Any CPU
		{82A8746D-4207-4F8B-BF66-2C217ACAA894}.Debug|Any CPU.ActiveCfg = Debug|Any CPU
		{82A8746D-4207-4F8B-BF66-2C217ACAA894}.Debug|Any CPU.Build.0 = Debug|Any CPU
		{82A8746D-4207-4F8B-BF66-2C217ACAA894}.Release|Any CPU.ActiveCfg = Release|Any CPU
		{82A8746D-4207-4F8B-BF66-2C217ACAA894}.Release|Any CPU.Build.0 = Release|Any CPU
		{9682ADC0-A66B-4171-AD7F-AA6AEB2CCF92}.Debug|Any CPU.ActiveCfg = Debug|Any CPU
		{9682ADC0-A66B-4171-AD7F-AA6AEB2CCF92}.Debug|Any CPU.Build.0 = Debug|Any CPU
		{9682ADC0-A66B-4171-AD7F-AA6AEB2CCF92}.Release|Any CPU.ActiveCfg = Release|Any CPU
		{9682ADC0-A66B-4171-AD7F-AA6AEB2CCF92}.Release|Any CPU.Build.0 = Release|Any CPU
		{D461226B-0102-4AF6-A843-C5527074FF54}.Debug|Any CPU.ActiveCfg = Debug|Any CPU
		{D461226B-0102-4AF6-A843-C5527074FF54}.Debug|Any CPU.Build.0 = Debug|Any CPU
		{D461226B-0102-4AF6-A843-C5527074FF54}.Release|Any CPU.ActiveCfg = Release|Any CPU
		{D461226B-0102-4AF6-A843-C5527074FF54}.Release|Any CPU.Build.0 = Release|Any CPU
	EndGlobalSection
	GlobalSection(SolutionProperties) = preSolution
		HideSolutionNode = FALSE
	EndGlobalSection
	GlobalSection(NestedProjects) = preSolution
		{75140FAF-AF6C-4B21-86D7-24EB0BC3A4AB} = {5253264B-D7E8-4706-AC24-6A3820F26B3F}
		{4FC68987-1BC0-4F09-81BD-A60622AD749F} = {62D3EF9B-BC72-4D35-965B-A69840FE5A0D}
		{834BD634-A643-49E3-BCED-AC1630E5AD31} = {DB0C67BD-CEA3-41D4-BD76-F1BBD881CAE2}
		{F2D1B106-750F-43F7-A8D4-560F59137CFB} = {91A9C52D-A3C6-4EE6-9CE2-82F5F33A1A2A}
		{82A8746D-4207-4F8B-BF66-2C217ACAA894} = {91A9C52D-A3C6-4EE6-9CE2-82F5F33A1A2A}
		{9682ADC0-A66B-4171-AD7F-AA6AEB2CCF92} = {91A9C52D-A3C6-4EE6-9CE2-82F5F33A1A2A}
		{D461226B-0102-4AF6-A843-C5527074FF54} = {A537414A-F436-4C93-A33E-867112F34051}
	EndGlobalSection
	GlobalSection(ExtensibilityGlobals) = postSolution
		SolutionGuid = {F3C7BEB2-1EC9-4A6B-B34C-C6FA502BA27A}
	EndGlobalSection
EndGlobal
